
Microsoft Visual Studio Solution File, Format Version 12.00
# Visual Studio 2013
VisualStudioVersion = 12.0.31101.0
MinimumVisualStudioVersion = 10.0.40219.1
Project("{FAE04EC0-301F-11D3-BF4B-00C04F79EFBC}") = "Config", "Config\Config.csproj", "{EEC76C35-7BCA-40B7-994C-F417DA90F12A}"
EndProject
Project("{FAE04EC0-301F-11D3-BF4B-00C04F79EFBC}") = "Services", "Services\Services.csproj", "{EAE6D1D6-1117-43C9-89A6-6C1AFCE4F9C1}"
EndProject
Project("{FAE04EC0-301F-11D3-BF4B-00C04F79EFBC}") = "Models", "Models\Models.csproj", "{44CEEEEE-E7E3-4E06-BD14-6D0CC3E549B1}"
EndProject
Project("{FAE04EC0-301F-11D3-BF4B-00C04F79EFBC}") = "Data", "Data\Data.csproj", "{8C853A48-B159-4345-ACD6-333B014BFDB5}"
EndProject
Project("{FAE04EC0-301F-11D3-BF4B-00C04F79EFBC}") = "Services.Tests", "Services.Tests\Services.Tests.csproj", "{862D7273-2134-4462-8ECF-C1FFDF006E2E}"
EndProject
Project("{FAE04EC0-301F-11D3-BF4B-00C04F79EFBC}") = "Common", "Common\Common.csproj", "{35D2126C-A2DB-4C0E-B74A-7CC2D0F50BB2}"
EndProject
Project("{FAE04EC0-301F-11D3-BF4B-00C04F79EFBC}") = "Web", "Web\Web.csproj", "{BFFC50D4-A9E3-4394-BE86-76DF1F1D0B5E}"
EndProject
Project("{FAE04EC0-301F-11D3-BF4B-00C04F79EFBC}") = "Web.Tests", "Web.Tests\Web.Tests.csproj", "{CEC8EB61-1F1C-4651-823D-1FF909B25EA2}"
EndProject
Project("{FAE04EC0-301F-11D3-BF4B-00C04F79EFBC}") = "Web.Infrastructure", "Web.Infrastructure\Web.Infrastructure.csproj", "{D49C0D2B-8EFA-4A31-ACFD-2143C09C5040}"
EndProject
Project("{2150E333-8FDC-42A3-9474-1A3956D46DE8}") = ".nuget", ".nuget", "{0EE88457-09F0-4360-AD80-4BE8742396E6}"
	ProjectSection(SolutionItems) = preProject
		.nuget\NuGet.Config = .nuget\NuGet.Config
		.nuget\NuGet.exe = .nuget\NuGet.exe
		.nuget\NuGet.targets = .nuget\NuGet.targets
	EndProjectSection
EndProject
Global
	GlobalSection(SolutionConfigurationPlatforms) = preSolution
		Debug|Any CPU = Debug|Any CPU
		Release|Any CPU = Release|Any CPU
	EndGlobalSection
	GlobalSection(ProjectConfigurationPlatforms) = postSolution
		{EEC76C35-7BCA-40B7-994C-F417DA90F12A}.Debug|Any CPU.ActiveCfg = Debug|Any CPU
		{EEC76C35-7BCA-40B7-994C-F417DA90F12A}.Debug|Any CPU.Build.0 = Debug|Any CPU
		{EEC76C35-7BCA-40B7-994C-F417DA90F12A}.Release|Any CPU.ActiveCfg = Release|Any CPU
		{EEC76C35-7BCA-40B7-994C-F417DA90F12A}.Release|Any CPU.Build.0 = Release|Any CPU
		{EAE6D1D6-1117-43C9-89A6-6C1AFCE4F9C1}.Debug|Any CPU.ActiveCfg = Debug|Any CPU
		{EAE6D1D6-1117-43C9-89A6-6C1AFCE4F9C1}.Debug|Any CPU.Build.0 = Debug|Any CPU
		{EAE6D1D6-1117-43C9-89A6-6C1AFCE4F9C1}.Release|Any CPU.ActiveCfg = Release|Any CPU
		{EAE6D1D6-1117-43C9-89A6-6C1AFCE4F9C1}.Release|Any CPU.Build.0 = Release|Any CPU
		{44CEEEEE-E7E3-4E06-BD14-6D0CC3E549B1}.Debug|Any CPU.ActiveCfg = Debug|Any CPU
		{44CEEEEE-E7E3-4E06-BD14-6D0CC3E549B1}.Debug|Any CPU.Build.0 = Debug|Any CPU
		{44CEEEEE-E7E3-4E06-BD14-6D0CC3E549B1}.Release|Any CPU.ActiveCfg = Release|Any CPU
		{44CEEEEE-E7E3-4E06-BD14-6D0CC3E549B1}.Release|Any CPU.Build.0 = Release|Any CPU
		{8C853A48-B159-4345-ACD6-333B014BFDB5}.Debug|Any CPU.ActiveCfg = Debug|Any CPU
		{8C853A48-B159-4345-ACD6-333B014BFDB5}.Debug|Any CPU.Build.0 = Debug|Any CPU
		{8C853A48-B159-4345-ACD6-333B014BFDB5}.Release|Any CPU.ActiveCfg = Release|Any CPU
		{8C853A48-B159-4345-ACD6-333B014BFDB5}.Release|Any CPU.Build.0 = Release|Any CPU
		{862D7273-2134-4462-8ECF-C1FFDF006E2E}.Debug|Any CPU.ActiveCfg = Debug|Any CPU
		{862D7273-2134-4462-8ECF-C1FFDF006E2E}.Debug|Any CPU.Build.0 = Debug|Any CPU
		{862D7273-2134-4462-8ECF-C1FFDF006E2E}.Release|Any CPU.ActiveCfg = Release|Any CPU
		{862D7273-2134-4462-8ECF-C1FFDF006E2E}.Release|Any CPU.Build.0 = Release|Any CPU
		{35D2126C-A2DB-4C0E-B74A-7CC2D0F50BB2}.Debug|Any CPU.ActiveCfg = Debug|Any CPU
		{35D2126C-A2DB-4C0E-B74A-7CC2D0F50BB2}.Debug|Any CPU.Build.0 = Debug|Any CPU
		{35D2126C-A2DB-4C0E-B74A-7CC2D0F50BB2}.Release|Any CPU.ActiveCfg = Release|Any CPU
		{35D2126C-A2DB-4C0E-B74A-7CC2D0F50BB2}.Release|Any CPU.Build.0 = Release|Any CPU
		{BFFC50D4-A9E3-4394-BE86-76DF1F1D0B5E}.Debug|Any CPU.ActiveCfg = Debug|Any CPU
		{BFFC50D4-A9E3-4394-BE86-76DF1F1D0B5E}.Debug|Any CPU.Build.0 = Debug|Any CPU
		{BFFC50D4-A9E3-4394-BE86-76DF1F1D0B5E}.Release|Any CPU.ActiveCfg = Release|Any CPU
		{BFFC50D4-A9E3-4394-BE86-76DF1F1D0B5E}.Release|Any CPU.Build.0 = Release|Any CPU
		{CEC8EB61-1F1C-4651-823D-1FF909B25EA2}.Debug|Any CPU.ActiveCfg = Debug|Any CPU
		{CEC8EB61-1F1C-4651-823D-1FF909B25EA2}.Debug|Any CPU.Build.0 = Debug|Any CPU
		{CEC8EB61-1F1C-4651-823D-1FF909B25EA2}.Release|Any CPU.ActiveCfg = Release|Any CPU
		{CEC8EB61-1F1C-4651-823D-1FF909B25EA2}.Release|Any CPU.Build.0 = Release|Any CPU
		{D49C0D2B-8EFA-4A31-ACFD-2143C09C5040}.Debug|Any CPU.ActiveCfg = Debug|Any CPU
		{D49C0D2B-8EFA-4A31-ACFD-2143C09C5040}.Debug|Any CPU.Build.0 = Debug|Any CPU
		{D49C0D2B-8EFA-4A31-ACFD-2143C09C5040}.Release|Any CPU.ActiveCfg = Release|Any CPU
		{D49C0D2B-8EFA-4A31-ACFD-2143C09C5040}.Release|Any CPU.Build.0 = Release|Any CPU
	EndGlobalSection
	GlobalSection(SolutionProperties) = preSolution
		HideSolutionNode = FALSE
	EndGlobalSection
EndGlobal
